// !$*UTF8*$!
{
	archiveVersion = 1;
	classes = {
	};
	objectVersion = 50;
	objects = {

/* Begin PBXBuildFile section */
		EBE0C6BC240782D400DBBA41 /* LeetcodeSolutionSwift.h in Headers */ = {isa = PBXBuildFile; fileRef = EBE0C6BA240782D400DBBA41 /* LeetcodeSolutionSwift.h */; settings = {ATTRIBUTES = (Public, ); }; };
		EBE0C6C0240782E900DBBA41 /* Tree.swift in Sources */ = {isa = PBXBuildFile; fileRef = EBD4538F23F7E26500EA669B /* Tree.swift */; };
		EBE0C6C1240782F000DBBA41 /* ListNode.swift in Sources */ = {isa = PBXBuildFile; fileRef = EBD4538D23F7E23400EA669B /* ListNode.swift */; };
/* End PBXBuildFile section */

/* Begin PBXFileReference section */
		EBCEACBA23F7DA5500166EB1 /* main.swift */ = {isa = PBXFileReference; fileEncoding = 4; lastKnownFileType = sourcecode.swift; path = main.swift; sourceTree = "<group>"; };
		EBCEACBC23F7DA7400166EB1 /* 198_HouseRobber.swift */ = {isa = PBXFileReference; lastKnownFileType = sourcecode.swift; path = 198_HouseRobber.swift; sourceTree = "<group>"; };
		EBCEACBF23F7DB7D00166EB1 /* 367_ValidPerfectSquare.swift */ = {isa = PBXFileReference; lastKnownFileType = sourcecode.swift; path = 367_ValidPerfectSquare.swift; sourceTree = "<group>"; };
		EBD4538523F7E16000EA669B /* 665_NondecreasingArray.swift */ = {isa = PBXFileReference; lastKnownFileType = sourcecode.swift; path = 665_NondecreasingArray.swift; sourceTree = "<group>"; };
		EBD4538723F7E1B500EA669B /* 496_TeemoAttacking.swift */ = {isa = PBXFileReference; lastKnownFileType = sourcecode.swift; path = 496_TeemoAttacking.swift; sourceTree = "<group>"; };
		EBD4538923F7E1EE00EA669B /* 500_KeyboardRow.swift */ = {isa = PBXFileReference; lastKnownFileType = sourcecode.swift; path = 500_KeyboardRow.swift; sourceTree = "<group>"; };
		EBD4538B23F7E22600EA669B /* 25_ReverseNodesInKGroup.swift */ = {isa = PBXFileReference; lastKnownFileType = sourcecode.swift; path = 25_ReverseNodesInKGroup.swift; sourceTree = "<group>"; };
		EBD4538D23F7E23400EA669B /* ListNode.swift */ = {isa = PBXFileReference; lastKnownFileType = sourcecode.swift; path = ListNode.swift; sourceTree = "<group>"; };
		EBD4538F23F7E26500EA669B /* Tree.swift */ = {isa = PBXFileReference; lastKnownFileType = sourcecode.swift; path = Tree.swift; sourceTree = "<group>"; };
		EBD4539123F7E28800EA669B /* 687_LongestUnivaluePath.swift */ = {isa = PBXFileReference; lastKnownFileType = sourcecode.swift; path = 687_LongestUnivaluePath.swift; sourceTree = "<group>"; };
		EBD4539323F7E2C400EA669B /* Graph.swift */ = {isa = PBXFileReference; lastKnownFileType = sourcecode.swift; path = Graph.swift; sourceTree = "<group>"; };
		EBD4539523F7E2E800EA669B /* 127_WordLadder.swift */ = {isa = PBXFileReference; lastKnownFileType = sourcecode.swift; path = 127_WordLadder.swift; sourceTree = "<group>"; };
		EBD4539723F7E32300EA669B /* 452_Minimum NumberOfArrowsToBurstBalloons.swift */ = {isa = PBXFileReference; lastKnownFileType = sourcecode.swift; path = "452_Minimum NumberOfArrowsToBurstBalloons.swift"; sourceTree = "<group>"; };
		EBD4539923F7E35300EA669B /* 467_UniqueSubstringsInWraparoundString.swift */ = {isa = PBXFileReference; lastKnownFileType = sourcecode.swift; path = 467_UniqueSubstringsInWraparoundString.swift; sourceTree = "<group>"; };
		EBD4539B23F7E62C00EA669B /* 515_ FindLargestValueInEachTreeRow.swift */ = {isa = PBXFileReference; lastKnownFileType = sourcecode.swift; path = "515_ FindLargestValueInEachTreeRow.swift"; sourceTree = "<group>"; };
		EBD4539D23F7E65A00EA669B /* BinarySearchTree.swift */ = {isa = PBXFileReference; lastKnownFileType = sourcecode.swift; path = BinarySearchTree.swift; sourceTree = "<group>"; };
		EBD4539F23F7E70C00EA669B /* 104_MaxDeethOfBinaryTree.swift */ = {isa = PBXFileReference; lastKnownFileType = sourcecode.swift; path = 104_MaxDeethOfBinaryTree.swift; sourceTree = "<group>"; };
		EBD453A123F7E96D00EA669B /* 111_MinDepthOfBinaryTree.swift */ = {isa = PBXFileReference; lastKnownFileType = sourcecode.swift; path = 111_MinDepthOfBinaryTree.swift; sourceTree = "<group>"; };
		EBE0C69F2407807C00DBBA41 /* LeetcodeSolutionSwift.h */ = {isa = PBXFileReference; lastKnownFileType = sourcecode.c.h; path = LeetcodeSolutionSwift.h; sourceTree = "<group>"; };
		EBE0C6A02407807C00DBBA41 /* Info.plist */ = {isa = PBXFileReference; lastKnownFileType = text.plist.xml; path = Info.plist; sourceTree = "<group>"; };
		EBE0C6AD2407819400DBBA41 /* LeetcodeSolutionSwift_iOS.h */ = {isa = PBXFileReference; lastKnownFileType = sourcecode.c.h; path = LeetcodeSolutionSwift_iOS.h; sourceTree = "<group>"; };
		EBE0C6AE2407819400DBBA41 /* Info.plist */ = {isa = PBXFileReference; lastKnownFileType = text.plist.xml; path = Info.plist; sourceTree = "<group>"; };
		EBE0C6B8240782D400DBBA41 /* LeetcodeSolutionSwift.framework */ = {isa = PBXFileReference; explicitFileType = wrapper.framework; includeInIndex = 0; path = LeetcodeSolutionSwift.framework; sourceTree = BUILT_PRODUCTS_DIR; };
		EBE0C6BA240782D400DBBA41 /* LeetcodeSolutionSwift.h */ = {isa = PBXFileReference; lastKnownFileType = sourcecode.c.h; path = LeetcodeSolutionSwift.h; sourceTree = "<group>"; };
		EBE0C6BB240782D400DBBA41 /* Info.plist */ = {isa = PBXFileReference; lastKnownFileType = text.plist.xml; path = Info.plist; sourceTree = "<group>"; };
		EBE0DAB423F81BE800D36F06 /* 102_LevelOrderOfBinaryTree.swift */ = {isa = PBXFileReference; lastKnownFileType = sourcecode.swift; path = 102_LevelOrderOfBinaryTree.swift; sourceTree = "<group>"; };
		EBE0DAB623F8212200D36F06 /* 107_LevelOrderFromBottom.swift */ = {isa = PBXFileReference; lastKnownFileType = sourcecode.swift; path = 107_LevelOrderFromBottom.swift; sourceTree = "<group>"; };
		EBE0DAB823F825AF00D36F06 /* TreeTraversal.swift */ = {isa = PBXFileReference; lastKnownFileType = sourcecode.swift; path = TreeTraversal.swift; sourceTree = "<group>"; };
/* End PBXFileReference section */

/* Begin PBXFrameworksBuildPhase section */
		EBE0C6B5240782D400DBBA41 /* Frameworks */ = {
			isa = PBXFrameworksBuildPhase;
			buildActionMask = 2147483647;
			files = (
			);
			runOnlyForDeploymentPostprocessing = 0;
		};
/* End PBXFrameworksBuildPhase section */

/* Begin PBXGroup section */
		EB5F507E2314263700222E63 = {
			isa = PBXGroup;
			children = (
				EBCEACAD23F7D98D00166EB1 /* DataStructures */,
				EBCEACBE23F7DB6600166EB1 /* Math */,
				EBCEACA923F7D90C00166EB1 /* String */,
				EBCEACA823F7D8FF00166EB1 /* Tree */,
				EBCEACA723F7D8FA00166EB1 /* Graph */,
				EBCEACA523F7D8E000166EB1 /* LinkedList */,
				EBCEACA423F7D8CD00166EB1 /* Array */,
				EB5F509E2314276600222E63 /* DynamicProgramming */,
				EBCEACB923F7DA5500166EB1 /* LeetcodeSolutionSwiftHost */,
				EBE0C69E2407807C00DBBA41 /* LeetcodeSolutionSwift */,
				EBE0C6AC2407819400DBBA41 /* LeetcodeSolutionSwift-iOS */,
				EBE0C6B9240782D400DBBA41 /* LeetcodeSolutionSwift */,
				EB5F50882314263700222E63 /* Products */,
			);
			sourceTree = "<group>";
		};
		EB5F50882314263700222E63 /* Products */ = {
			isa = PBXGroup;
			children = (
				EBE0C6B8240782D400DBBA41 /* LeetcodeSolutionSwift.framework */,
			);
			name = Products;
			sourceTree = "<group>";
		};
		EB5F509E2314276600222E63 /* DynamicProgramming */ = {
			isa = PBXGroup;
			children = (
				EBCEACBC23F7DA7400166EB1 /* 198_HouseRobber.swift */,
			);
			path = DynamicProgramming;
			sourceTree = "<group>";
		};
		EBCEACA423F7D8CD00166EB1 /* Array */ = {
			isa = PBXGroup;
			children = (
				EBD4538523F7E16000EA669B /* 665_NondecreasingArray.swift */,
			);
			path = Array;
			sourceTree = "<group>";
		};
		EBCEACA523F7D8E000166EB1 /* LinkedList */ = {
			isa = PBXGroup;
			children = (
				EBD4538B23F7E22600EA669B /* 25_ReverseNodesInKGroup.swift */,
			);
			path = LinkedList;
			sourceTree = "<group>";
		};
		EBCEACA723F7D8FA00166EB1 /* Graph */ = {
			isa = PBXGroup;
			children = (
			);
			path = Graph;
			sourceTree = "<group>";
		};
		EBCEACA823F7D8FF00166EB1 /* Tree */ = {
			isa = PBXGroup;
			children = (
				EBD4539123F7E28800EA669B /* 687_LongestUnivaluePath.swift */,
				EBD4539B23F7E62C00EA669B /* 515_ FindLargestValueInEachTreeRow.swift */,
				EBD4539F23F7E70C00EA669B /* 104_MaxDeethOfBinaryTree.swift */,
				EBD453A123F7E96D00EA669B /* 111_MinDepthOfBinaryTree.swift */,
				EBE0DAB423F81BE800D36F06 /* 102_LevelOrderOfBinaryTree.swift */,
				EBE0DAB623F8212200D36F06 /* 107_LevelOrderFromBottom.swift */,
				EBE0DAB823F825AF00D36F06 /* TreeTraversal.swift */,
			);
			path = Tree;
			sourceTree = "<group>";
		};
		EBCEACA923F7D90C00166EB1 /* String */ = {
			isa = PBXGroup;
			children = (
				EBD4538923F7E1EE00EA669B /* 500_KeyboardRow.swift */,
				EBD4539523F7E2E800EA669B /* 127_WordLadder.swift */,
				EBD4539923F7E35300EA669B /* 467_UniqueSubstringsInWraparoundString.swift */,
			);
			path = String;
			sourceTree = "<group>";
		};
		EBCEACAD23F7D98D00166EB1 /* DataStructures */ = {
			isa = PBXGroup;
			children = (
				EBD4538D23F7E23400EA669B /* ListNode.swift */,
				EBD4538F23F7E26500EA669B /* Tree.swift */,
				EBD4539D23F7E65A00EA669B /* BinarySearchTree.swift */,
				EBD4539323F7E2C400EA669B /* Graph.swift */,
			);
			path = DataStructures;
			sourceTree = "<group>";
		};
		EBCEACB923F7DA5500166EB1 /* LeetcodeSolutionSwiftHost */ = {
			isa = PBXGroup;
			children = (
				EBCEACBA23F7DA5500166EB1 /* main.swift */,
			);
			path = LeetcodeSolutionSwiftHost;
			sourceTree = "<group>";
		};
		EBCEACBE23F7DB6600166EB1 /* Math */ = {
			isa = PBXGroup;
			children = (
				EBCEACBF23F7DB7D00166EB1 /* 367_ValidPerfectSquare.swift */,
				EBD4538723F7E1B500EA669B /* 496_TeemoAttacking.swift */,
				EBD4539723F7E32300EA669B /* 452_Minimum NumberOfArrowsToBurstBalloons.swift */,
			);
			path = Math;
			sourceTree = "<group>";
		};
		EBE0C69E2407807C00DBBA41 /* LeetcodeSolutionSwift */ = {
			isa = PBXGroup;
			children = (
				EBE0C69F2407807C00DBBA41 /* LeetcodeSolutionSwift.h */,
				EBE0C6A02407807C00DBBA41 /* Info.plist */,
			);
			path = LeetcodeSolutionSwift;
			sourceTree = "<group>";
		};
		EBE0C6AC2407819400DBBA41 /* LeetcodeSolutionSwift-iOS */ = {
			isa = PBXGroup;
			children = (
				EBE0C6AD2407819400DBBA41 /* LeetcodeSolutionSwift_iOS.h */,
				EBE0C6AE2407819400DBBA41 /* Info.plist */,
			);
			path = "LeetcodeSolutionSwift-iOS";
			sourceTree = "<group>";
		};
		EBE0C6B9240782D400DBBA41 /* LeetcodeSolutionSwift */ = {
			isa = PBXGroup;
			children = (
				EBE0C6BA240782D400DBBA41 /* LeetcodeSolutionSwift.h */,
				EBE0C6BB240782D400DBBA41 /* Info.plist */,
			);
			path = LeetcodeSolutionSwift;
			sourceTree = "<group>";
		};
/* End PBXGroup section */

/* Begin PBXHeadersBuildPhase section */
		EBE0C6B3240782D400DBBA41 /* Headers */ = {
			isa = PBXHeadersBuildPhase;
			buildActionMask = 2147483647;
			files = (
				EBE0C6BC240782D400DBBA41 /* LeetcodeSolutionSwift.h in Headers */,
			);
			runOnlyForDeploymentPostprocessing = 0;
		};
/* End PBXHeadersBuildPhase section */

/* Begin PBXNativeTarget section */
		EBE0C6B7240782D400DBBA41 /* LeetcodeSolutionSwift */ = {
			isa = PBXNativeTarget;
			buildConfigurationList = EBE0C6BD240782D400DBBA41 /* Build configuration list for PBXNativeTarget "LeetcodeSolutionSwift" */;
			buildPhases = (
				EBE0C6B3240782D400DBBA41 /* Headers */,
				EBE0C6B4240782D400DBBA41 /* Sources */,
				EBE0C6B5240782D400DBBA41 /* Frameworks */,
				EBE0C6B6240782D400DBBA41 /* Resources */,
			);
			buildRules = (
			);
			dependencies = (
			);
			name = LeetcodeSolutionSwift;
			productName = LeetcodeSolutionSwift;
			productReference = EBE0C6B8240782D400DBBA41 /* LeetcodeSolutionSwift.framework */;
			productType = "com.apple.product-type.framework";
		};
/* End PBXNativeTarget section */

/* Begin PBXProject section */
		EB5F507F2314263700222E63 /* Project object */ = {
			isa = PBXProject;
			attributes = {
				LastSwiftUpdateCheck = 1130;
				LastUpgradeCheck = 1100;
				ORGANIZATIONNAME = jojo;
				TargetAttributes = {
					EBE0C6B7240782D400DBBA41 = {
						CreatedOnToolsVersion = 11.3;
					};
				};
			};
			buildConfigurationList = EB5F50822314263700222E63 /* Build configuration list for PBXProject "LeetcodeSolutionSwift" */;
			compatibilityVersion = "Xcode 9.3";
			developmentRegion = en;
			hasScannedForEncodings = 0;
			knownRegions = (
				en,
				Base,
			);
			mainGroup = EB5F507E2314263700222E63;
			productRefGroup = EB5F50882314263700222E63 /* Products */;
			projectDirPath = "";
			projectRoot = "";
			targets = (
				EBE0C6B7240782D400DBBA41 /* LeetcodeSolutionSwift */,
			);
		};
/* End PBXProject section */

/* Begin PBXResourcesBuildPhase section */
		EBE0C6B6240782D400DBBA41 /* Resources */ = {
			isa = PBXResourcesBuildPhase;
			buildActionMask = 2147483647;
			files = (
			);
			runOnlyForDeploymentPostprocessing = 0;
		};
/* End PBXResourcesBuildPhase section */

/* Begin PBXSourcesBuildPhase section */
		EBE0C6B4240782D400DBBA41 /* Sources */ = {
			isa = PBXSourcesBuildPhase;
			buildActionMask = 2147483647;
			files = (
				EBE0C6C0240782E900DBBA41 /* Tree.swift in Sources */,
				EBE0C6C1240782F000DBBA41 /* ListNode.swift in Sources */,
			);
			runOnlyForDeploymentPostprocessing = 0;
		};
/* End PBXSourcesBuildPhase section */

/* Begin XCBuildConfiguration section */
		EB5F50992314263800222E63 /* Debug */ = {
			isa = XCBuildConfiguration;
			buildSettings = {
				ALWAYS_SEARCH_USER_PATHS = NO;
				CLANG_ANALYZER_NONNULL = YES;
				CLANG_ANALYZER_NUMBER_OBJECT_CONVERSION = YES_AGGRESSIVE;
				CLANG_CXX_LANGUAGE_STANDARD = "gnu++14";
				CLANG_CXX_LIBRARY = "libc++";
				CLANG_ENABLE_MODULES = YES;
				CLANG_ENABLE_OBJC_ARC = YES;
				CLANG_ENABLE_OBJC_WEAK = YES;
				CLANG_WARN_BLOCK_CAPTURE_AUTORELEASING = YES;
				CLANG_WARN_BOOL_CONVERSION = YES;
				CLANG_WARN_COMMA = YES;
				CLANG_WARN_CONSTANT_CONVERSION = YES;
				CLANG_WARN_DEPRECATED_OBJC_IMPLEMENTATIONS = YES;
				CLANG_WARN_DIRECT_OBJC_ISA_USAGE = YES_ERROR;
				CLANG_WARN_DOCUMENTATION_COMMENTS = YES;
				CLANG_WARN_EMPTY_BODY = YES;
				CLANG_WARN_ENUM_CONVERSION = YES;
				CLANG_WARN_INFINITE_RECURSION = YES;
				CLANG_WARN_INT_CONVERSION = YES;
				CLANG_WARN_NON_LITERAL_NULL_CONVERSION = YES;
				CLANG_WARN_OBJC_IMPLICIT_RETAIN_SELF = YES;
				CLANG_WARN_OBJC_LITERAL_CONVERSION = YES;
				CLANG_WARN_OBJC_ROOT_CLASS = YES_ERROR;
				CLANG_WARN_RANGE_LOOP_ANALYSIS = YES;
				CLANG_WARN_STRICT_PROTOTYPES = YES;
				CLANG_WARN_SUSPICIOUS_MOVE = YES;
				CLANG_WARN_UNGUARDED_AVAILABILITY = YES_AGGRESSIVE;
				CLANG_WARN_UNREACHABLE_CODE = YES;
				CLANG_WARN__DUPLICATE_METHOD_MATCH = YES;
				COPY_PHASE_STRIP = NO;
				DEBUG_INFORMATION_FORMAT = dwarf;
				ENABLE_STRICT_OBJC_MSGSEND = YES;
				ENABLE_TESTABILITY = YES;
				GCC_C_LANGUAGE_STANDARD = gnu11;
				GCC_DYNAMIC_NO_PIC = NO;
				GCC_NO_COMMON_BLOCKS = YES;
				GCC_OPTIMIZATION_LEVEL = 0;
				GCC_PREPROCESSOR_DEFINITIONS = (
					"DEBUG=1",
					"$(inherited)",
				);
				GCC_WARN_64_TO_32_BIT_CONVERSION = YES;
				GCC_WARN_ABOUT_RETURN_TYPE = YES_ERROR;
				GCC_WARN_UNDECLARED_SELECTOR = YES;
				GCC_WARN_UNINITIALIZED_AUTOS = YES_AGGRESSIVE;
				GCC_WARN_UNUSED_FUNCTION = YES;
				GCC_WARN_UNUSED_VARIABLE = YES;
				IPHONEOS_DEPLOYMENT_TARGET = 13.0;
				MTL_ENABLE_DEBUG_INFO = INCLUDE_SOURCE;
				MTL_FAST_MATH = YES;
				ONLY_ACTIVE_ARCH = YES;
				SDKROOT = iphoneos;
				SWIFT_ACTIVE_COMPILATION_CONDITIONS = DEBUG;
				SWIFT_OPTIMIZATION_LEVEL = "-Onone";
			};
			name = Debug;
		};
		EB5F509A2314263800222E63 /* Release */ = {
			isa = XCBuildConfiguration;
			buildSettings = {
				ALWAYS_SEARCH_USER_PATHS = NO;
				CLANG_ANALYZER_NONNULL = YES;
				CLANG_ANALYZER_NUMBER_OBJECT_CONVERSION = YES_AGGRESSIVE;
				CLANG_CXX_LANGUAGE_STANDARD = "gnu++14";
				CLANG_CXX_LIBRARY = "libc++";
				CLANG_ENABLE_MODULES = YES;
				CLANG_ENABLE_OBJC_ARC = YES;
				CLANG_ENABLE_OBJC_WEAK = YES;
				CLANG_WARN_BLOCK_CAPTURE_AUTORELEASING = YES;
				CLANG_WARN_BOOL_CONVERSION = YES;
				CLANG_WARN_COMMA = YES;
				CLANG_WARN_CONSTANT_CONVERSION = YES;
				CLANG_WARN_DEPRECATED_OBJC_IMPLEMENTATIONS = YES;
				CLANG_WARN_DIRECT_OBJC_ISA_USAGE = YES_ERROR;
				CLANG_WARN_DOCUMENTATION_COMMENTS = YES;
				CLANG_WARN_EMPTY_BODY = YES;
				CLANG_WARN_ENUM_CONVERSION = YES;
				CLANG_WARN_INFINITE_RECURSION = YES;
				CLANG_WARN_INT_CONVERSION = YES;
				CLANG_WARN_NON_LITERAL_NULL_CONVERSION = YES;
				CLANG_WARN_OBJC_IMPLICIT_RETAIN_SELF = YES;
				CLANG_WARN_OBJC_LITERAL_CONVERSION = YES;
				CLANG_WARN_OBJC_ROOT_CLASS = YES_ERROR;
				CLANG_WARN_RANGE_LOOP_ANALYSIS = YES;
				CLANG_WARN_STRICT_PROTOTYPES = YES;
				CLANG_WARN_SUSPICIOUS_MOVE = YES;
				CLANG_WARN_UNGUARDED_AVAILABILITY = YES_AGGRESSIVE;
				CLANG_WARN_UNREACHABLE_CODE = YES;
				CLANG_WARN__DUPLICATE_METHOD_MATCH = YES;
				COPY_PHASE_STRIP = NO;
				DEBUG_INFORMATION_FORMAT = "dwarf-with-dsym";
				ENABLE_NS_ASSERTIONS = NO;
				ENABLE_STRICT_OBJC_MSGSEND = YES;
				GCC_C_LANGUAGE_STANDARD = gnu11;
				GCC_NO_COMMON_BLOCKS = YES;
				GCC_WARN_64_TO_32_BIT_CONVERSION = YES;
				GCC_WARN_ABOUT_RETURN_TYPE = YES_ERROR;
				GCC_WARN_UNDECLARED_SELECTOR = YES;
				GCC_WARN_UNINITIALIZED_AUTOS = YES_AGGRESSIVE;
				GCC_WARN_UNUSED_FUNCTION = YES;
				GCC_WARN_UNUSED_VARIABLE = YES;
				IPHONEOS_DEPLOYMENT_TARGET = 13.0;
				MTL_ENABLE_DEBUG_INFO = NO;
				MTL_FAST_MATH = YES;
				SDKROOT = iphoneos;
				SWIFT_COMPILATION_MODE = wholemodule;
				SWIFT_OPTIMIZATION_LEVEL = "-O";
				VALIDATE_PRODUCT = YES;
			};
			name = Release;
		};
		EBE0C6BE240782D400DBBA41 /* Debug */ = {
			isa = XCBuildConfiguration;
			buildSettings = {
				CODE_SIGN_STYLE = Automatic;
				CURRENT_PROJECT_VERSION = 1;
				DEFINES_MODULE = YES;
				DEVELOPMENT_TEAM = 2KUPNZEU65;
				DYLIB_COMPATIBILITY_VERSION = 1;
				DYLIB_CURRENT_VERSION = 1;
				DYLIB_INSTALL_NAME_BASE = "@rpath";
				INFOPLIST_FILE = LeetcodeSolutionSwift/Info.plist;
				INSTALL_PATH = "$(LOCAL_LIBRARY_DIR)/Frameworks";
				IPHONEOS_DEPLOYMENT_TARGET = 13.2;
				LD_RUNPATH_SEARCH_PATHS = (
					"$(inherited)",
					"@executable_path/Frameworks",
					"@loader_path/Frameworks",
				);
				PRODUCT_BUNDLE_IDENTIFIER = com.jojo.LeetcodeSolutionSwift;
				PRODUCT_NAME = "$(TARGET_NAME:c99extidentifier)";
				SKIP_INSTALL = YES;
				SWIFT_VERSION = 5.0;
				TARGETED_DEVICE_FAMILY = "1,2";
				VERSIONING_SYSTEM = "apple-generic";
				VERSION_INFO_PREFIX = "";
			};
			name = Debug;
		};
		EBE0C6BF240782D400DBBA41 /* Release */ = {
			isa = XCBuildConfiguration;
			buildSettings = {
				CODE_SIGN_STYLE = Automatic;
				CURRENT_PROJECT_VERSION = 1;
				DEFINES_MODULE = YES;
				DEVELOPMENT_TEAM = 2KUPNZEU65;
				DYLIB_COMPATIBILITY_VERSION = 1;
				DYLIB_CURRENT_VERSION = 1;
				DYLIB_INSTALL_NAME_BASE = "@rpath";
				INFOPLIST_FILE = LeetcodeSolutionSwift/Info.plist;
				INSTALL_PATH = "$(LOCAL_LIBRARY_DIR)/Frameworks";
				IPHONEOS_DEPLOYMENT_TARGET = 13.2;
				LD_RUNPATH_SEARCH_PATHS = (
					"$(inherited)",
					"@executable_path/Frameworks",
					"@loader_path/Frameworks",
				);
				PRODUCT_BUNDLE_IDENTIFIER = com.jojo.LeetcodeSolutionSwift;
				PRODUCT_NAME = "$(TARGET_NAME:c99extidentifier)";
				SKIP_INSTALL = YES;
				SWIFT_VERSION = 5.0;
				TARGETED_DEVICE_FAMILY = "1,2";
				VERSIONING_SYSTEM = "apple-generic";
				VERSION_INFO_PREFIX = "";
			};
			name = Release;
		};
/* End XCBuildConfiguration section */

/* Begin XCConfigurationList section */
		EB5F50822314263700222E63 /* Build configuration list for PBXProject "LeetcodeSolutionSwift" */ = {
			isa = XCConfigurationList;
			buildConfigurations = (
				EB5F50992314263800222E63 /* Debug */,
				EB5F509A2314263800222E63 /* Release */,
			);
			defaultConfigurationIsVisible = 0;
			defaultConfigurationName = Release;
		};
		EBE0C6BD240782D400DBBA41 /* Build configuration list for PBXNativeTarget "LeetcodeSolutionSwift" */ = {
			isa = XCConfigurationList;
			buildConfigurations = (
				EBE0C6BE240782D400DBBA41 /* Debug */,
				EBE0C6BF240782D400DBBA41 /* Release */,
			);
			defaultConfigurationIsVisible = 0;
			defaultConfigurationName = Release;
		};
/* End XCConfigurationList section */
	};
	rootObject = EB5F507F2314263700222E63 /* Project object */;
}
